{
  "name": "exporter",
  "version": "1.0.0",
  "lockfileVersion": 2,
  "requires": true,
  "packages": {
    "": {
      "version": "1.0.0",
      "hasInstallScript": true,
      "license": "ISC",
      "dependencies": {
        "typescript": "^4.5.0-dev.20211012"
      }
    },
    "node_modules/typescript": {
      "version": "4.5.0-dev.20211012",
      "resolved": "https://registry.npmjs.org/typescript/-/typescript-4.5.0-dev.20211012.tgz",
      "integrity": "sha512-Kez4/9YMGMDEL8uDs+Gt0f82/5mBxMHCv4VqwL8lXB87+N94W1c02ocy9C0t0UYS8vaZgEJfR4HbQnS0IUdTdQ==",
      "bin": {
        "tsc": "bin/tsc",
        "tsserver": "bin/tsserver"
      },
      "engines": {
        "node": ">=4.2.0"
      }
    }
  },
  "dependencies": {
    "typescript": {
      "version": "4.5.0-dev.20211012",
      "resolved": "https://registry.npmjs.org/typescript/-/typescript-4.5.0-dev.20211012.tgz",
      "integrity": "sha512-Kez4/9YMGMDEL8uDs+Gt0f82/5mBxMHCv4VqwL8lXB87+N94W1c02ocy9C0t0UYS8vaZgEJfR4HbQnS0IUdTdQ=="
    }
  }
}
