{
  "name": "importer",
  "version": "1.0.0",
  "lockfileVersion": 2,
  "requires": true,
  "packages": {
    "": {
      "version": "1.0.0",
      "license": "ISC",
      "dependencies": {
        "exporter": "file:../exporter",
        "exporter-all": "file:../exporter-all",
        "exporter-old": "file:../exporter-old",
        "typescript": "^4.5.0-dev.20211012"
      }
    },
    "../exporter": {
      "version": "1.0.0",
      "hasInstallScript": true,
      "license": "ISC",
      "dependencies": {
        "typescript": "^4.5.0-dev.20211012"
      }
    },
    "../exporter-all": {
      "version": "1.0.0",
      "hasInstallScript": true,
      "license": "ISC",
      "dependencies": {
        "typescript": "^4.5.0-dev.20211012"
      }
    },
    "../exporter-old": {
      "version": "1.0.0",
      "hasInstallScript": true,
      "license": "ISC",
      "dependencies": {
        "typescript": "^4.5.0-dev.20211012"
      }
    },
    "node_modules/exporter": {
      "resolved": "../exporter",
      "link": true
    },
    "node_modules/exporter-all": {
      "resolved": "../exporter-all",
      "link": true
    },
    "node_modules/exporter-old": {
      "resolved": "../exporter-old",
      "link": true
    },
    "node_modules/typescript": {
      "version": "4.5.0-dev.20211012",
      "resolved": "https://registry.npmjs.org/typescript/-/typescript-4.5.0-dev.20211012.tgz",
      "integrity": "sha512-Kez4/9YMGMDEL8uDs+Gt0f82/5mBxMHCv4VqwL8lXB87+N94W1c02ocy9C0t0UYS8vaZgEJfR4HbQnS0IUdTdQ==",
      "bin": {
        "tsc": "bin/tsc",
        "tsserver": "bin/tsserver"
      },
      "engines": {
        "node": ">=4.2.0"
      }
    }
  },
  "dependencies": {
    "exporter": {
      "version": "file:../exporter",
      "requires": {
        "typescript": "^4.5.0-dev.20211012"
      }
    },
    "exporter-all": {
      "version": "file:../exporter-all",
      "requires": {
        "typescript": "^4.5.0-dev.20211012"
      }
    },
    "exporter-old": {
      "version": "file:../exporter-old",
      "requires": {
        "typescript": "^4.5.0-dev.20211012"
      }
    },
    "typescript": {
      "version": "4.5.0-dev.20211012",
      "resolved": "https://registry.npmjs.org/typescript/-/typescript-4.5.0-dev.20211012.tgz",
      "integrity": "sha512-Kez4/9YMGMDEL8uDs+Gt0f82/5mBxMHCv4VqwL8lXB87+N94W1c02ocy9C0t0UYS8vaZgEJfR4HbQnS0IUdTdQ=="
    }
  }
}
